
Microsoft Visual Studio Solution File, Format Version 12.00
# Visual Studio Version 17
VisualStudioVersion = 17.5.002.0
MinimumVisualStudioVersion = 10.0.40219.1
Project("{9A19103F-16F7-4668-BE54-9A1E7A4F7556}") = "Udemy-Person-Information-Managemen", "Udemy-Person-Information-Managemen.csproj", "{9810C90B-D7ED-4A1B-98C6-7895B9E32DA2}"
EndProject
Global
	GlobalSection(SolutionConfigurationPlatforms) = preSolution
		Debug|Any CPU = Debug|Any CPU
		Release|Any CPU = Release|Any CPU
	EndGlobalSection
	GlobalSection(ProjectConfigurationPlatforms) = postSolution
		{9810C90B-D7ED-4A1B-98C6-7895B9E32DA2}.Debug|Any CPU.ActiveCfg = Debug|Any CPU
		{9810C90B-D7ED-4A1B-98C6-7895B9E32DA2}.Debug|Any CPU.Build.0 = Debug|Any CPU
		{9810C90B-D7ED-4A1B-98C6-7895B9E32DA2}.Release|Any CPU.ActiveCfg = Release|Any CPU
		{9810C90B-D7ED-4A1B-98C6-7895B9E32DA2}.Release|Any CPU.Build.0 = Release|Any CPU
	EndGlobalSection
	GlobalSection(SolutionProperties) = preSolution
		HideSolutionNode = FALSE
	EndGlobalSection
	GlobalSection(ExtensibilityGlobals) = postSolution
		SolutionGuid = {D4B83706-2460-4A38-8F32-FB7501F14D7E}
	EndGlobalSection
EndGlobal
